{
  "originHash" : "311203bdeb77dced43902f704d84ebdba197bdcff47589b92e4e1db48dce0bd8",
  "pins" : [
    {
      "identity" : "licenselist",
      "kind" : "remoteSourceControl",
      "location" : "https://github.com/cybozu/LicenseList.git",
      "state" : {
        "revision" : "0828b88c1a6130d56ede2cc6c41ec50068a7ebd6",
        "version" : "0.7.0"
      }
    }
  ],
  "version" : 3
}
