{
  "originHash" : "4a4bdfa238907dc0ddf177e909dbfad120388b2f8caa8d91702f117e98f95b77",
  "pins" : [
    {
      "identity" : "licenselist",
      "kind" : "remoteSourceControl",
      "location" : "https://github.com/cybozu/LicenseList.git",
      "state" : {
        "branch" : "main",
        "revision" : "8749050363ceb53049befb2f93e9905298edd1f1"
      }
    }
  ],
  "version" : 3
}
