{
  "originHash" : "0da1f497b64a55396460463ed565e48c322829e7e017cea7deb5a971c63b6392",
  "pins" : [
    {
      "identity" : "licenselist",
      "kind" : "remoteSourceControl",
      "location" : "https://github.com/cybozu/LicenseList.git",
      "state" : {
        "revision" : "4801461b9ca8eee843c19ab8fe88a590ce064e15",
        "version" : "2.0.1"
      }
    }
  ],
  "version" : 3
}
